// !$*UTF8*$!
{
	archiveVersion = 1;
	classes = {
	};
	objectVersion = 50;
	objects = {

/* Begin PBXBuildFile section */
		C1764779254B630600FCF2A2 /* AppDelegate.swift in Sources */ = {isa = PBXBuildFile; fileRef = C1764778254B630600FCF2A2 /* AppDelegate.swift */; };
		C176477B254B630600FCF2A2 /* SceneDelegate.swift in Sources */ = {isa = PBXBuildFile; fileRef = C176477A254B630600FCF2A2 /* SceneDelegate.swift */; };
		C176477D254B630600FCF2A2 /* ViewController.swift in Sources */ = {isa = PBXBuildFile; fileRef = C176477C254B630600FCF2A2 /* ViewController.swift */; };
		C1764780254B630600FCF2A2 /* Main.storyboard in Resources */ = {isa = PBXBuildFile; fileRef = C176477E254B630600FCF2A2 /* Main.storyboard */; };
		C1764782254B630700FCF2A2 /* Assets.xcassets in Resources */ = {isa = PBXBuildFile; fileRef = C1764781254B630700FCF2A2 /* Assets.xcassets */; };
		C1764785254B630700FCF2A2 /* LaunchScreen.storyboard in Resources */ = {isa = PBXBuildFile; fileRef = C1764783254B630700FCF2A2 /* LaunchScreen.storyboard */; };
		C1764790254B630700FCF2A2 /* C2_HomeWork_14Tests.swift in Sources */ = {isa = PBXBuildFile; fileRef = C176478F254B630700FCF2A2 /* C2_HomeWork_14Tests.swift */; };
		C176479B254B630700FCF2A2 /* C2_HomeWork_14UITests.swift in Sources */ = {isa = PBXBuildFile; fileRef = C176479A254B630700FCF2A2 /* C2_HomeWork_14UITests.swift */; };
/* End PBXBuildFile section */

/* Begin PBXContainerItemProxy section */
		C176478C254B630700FCF2A2 /* PBXContainerItemProxy */ = {
			isa = PBXContainerItemProxy;
			containerPortal = C176476D254B630600FCF2A2 /* Project object */;
			proxyType = 1;
			remoteGlobalIDString = C1764774254B630600FCF2A2;
			remoteInfo = "C2 HomeWork 14";
		};
		C1764797254B630700FCF2A2 /* PBXContainerItemProxy */ = {
			isa = PBXContainerItemProxy;
			containerPortal = C176476D254B630600FCF2A2 /* Project object */;
			proxyType = 1;
			remoteGlobalIDString = C1764774254B630600FCF2A2;
			remoteInfo = "C2 HomeWork 14";
		};
/* End PBXContainerItemProxy section */

/* Begin PBXFileReference section */
		C1764775254B630600FCF2A2 /* C2 HomeWork 14.app */ = {isa = PBXFileReference; explicitFileType = wrapper.application; includeInIndex = 0; path = "C2 HomeWork 14.app"; sourceTree = BUILT_PRODUCTS_DIR; };
		C1764778254B630600FCF2A2 /* AppDelegate.swift */ = {isa = PBXFileReference; lastKnownFileType = sourcecode.swift; path = AppDelegate.swift; sourceTree = "<group>"; };
		C176477A254B630600FCF2A2 /* SceneDelegate.swift */ = {isa = PBXFileReference; lastKnownFileType = sourcecode.swift; path = SceneDelegate.swift; sourceTree = "<group>"; };
		C176477C254B630600FCF2A2 /* ViewController.swift */ = {isa = PBXFileReference; lastKnownFileType = sourcecode.swift; path = ViewController.swift; sourceTree = "<group>"; };
		C176477F254B630600FCF2A2 /* Base */ = {isa = PBXFileReference; lastKnownFileType = file.storyboard; name = Base; path = Base.lproj/Main.storyboard; sourceTree = "<group>"; };
		C1764781254B630700FCF2A2 /* Assets.xcassets */ = {isa = PBXFileReference; lastKnownFileType = folder.assetcatalog; path = Assets.xcassets; sourceTree = "<group>"; };
		C1764784254B630700FCF2A2 /* Base */ = {isa = PBXFileReference; lastKnownFileType = file.storyboard; name = Base; path = Base.lproj/LaunchScreen.storyboard; sourceTree = "<group>"; };
		C1764786254B630700FCF2A2 /* Info.plist */ = {isa = PBXFileReference; lastKnownFileType = text.plist.xml; path = Info.plist; sourceTree = "<group>"; };
		C176478B254B630700FCF2A2 /* C2 HomeWork 14Tests.xctest */ = {isa = PBXFileReference; explicitFileType = wrapper.cfbundle; includeInIndex = 0; path = "C2 HomeWork 14Tests.xctest"; sourceTree = BUILT_PRODUCTS_DIR; };
		C176478F254B630700FCF2A2 /* C2_HomeWork_14Tests.swift */ = {isa = PBXFileReference; lastKnownFileType = sourcecode.swift; path = C2_HomeWork_14Tests.swift; sourceTree = "<group>"; };
		C1764791254B630700FCF2A2 /* Info.plist */ = {isa = PBXFileReference; lastKnownFileType = text.plist.xml; path = Info.plist; sourceTree = "<group>"; };
		C1764796254B630700FCF2A2 /* C2 HomeWork 14UITests.xctest */ = {isa = PBXFileReference; explicitFileType = wrapper.cfbundle; includeInIndex = 0; path = "C2 HomeWork 14UITests.xctest"; sourceTree = BUILT_PRODUCTS_DIR; };
		C176479A254B630700FCF2A2 /* C2_HomeWork_14UITests.swift */ = {isa = PBXFileReference; lastKnownFileType = sourcecode.swift; path = C2_HomeWork_14UITests.swift; sourceTree = "<group>"; };
		C176479C254B630700FCF2A2 /* Info.plist */ = {isa = PBXFileReference; lastKnownFileType = text.plist.xml; path = Info.plist; sourceTree = "<group>"; };
/* End PBXFileReference section */

/* Begin PBXFrameworksBuildPhase section */
		C1764772254B630600FCF2A2 /* Frameworks */ = {
			isa = PBXFrameworksBuildPhase;
			buildActionMask = 2147483647;
			files = (
			);
			runOnlyForDeploymentPostprocessing = 0;
		};
		C1764788254B630700FCF2A2 /* Frameworks */ = {
			isa = PBXFrameworksBuildPhase;
			buildActionMask = 2147483647;
			files = (
			);
			runOnlyForDeploymentPostprocessing = 0;
		};
		C1764793254B630700FCF2A2 /* Frameworks */ = {
			isa = PBXFrameworksBuildPhase;
			buildActionMask = 2147483647;
			files = (
			);
			runOnlyForDeploymentPostprocessing = 0;
		};
/* End PBXFrameworksBuildPhase section */

/* Begin PBXGroup section */
		C176476C254B630600FCF2A2 = {
			isa = PBXGroup;
			children = (
				C1764777254B630600FCF2A2 /* C2 HomeWork 14 */,
				C176478E254B630700FCF2A2 /* C2 HomeWork 14Tests */,
				C1764799254B630700FCF2A2 /* C2 HomeWork 14UITests */,
				C1764776254B630600FCF2A2 /* Products */,
			);
			sourceTree = "<group>";
		};
		C1764776254B630600FCF2A2 /* Products */ = {
			isa = PBXGroup;
			children = (
				C1764775254B630600FCF2A2 /* C2 HomeWork 14.app */,
				C176478B254B630700FCF2A2 /* C2 HomeWork 14Tests.xctest */,
				C1764796254B630700FCF2A2 /* C2 HomeWork 14UITests.xctest */,
			);
			name = Products;
			sourceTree = "<group>";
		};
		C1764777254B630600FCF2A2 /* C2 HomeWork 14 */ = {
			isa = PBXGroup;
			children = (
				C1764778254B630600FCF2A2 /* AppDelegate.swift */,
				C176477A254B630600FCF2A2 /* SceneDelegate.swift */,
				C176477C254B630600FCF2A2 /* ViewController.swift */,
				C176477E254B630600FCF2A2 /* Main.storyboard */,
				C1764781254B630700FCF2A2 /* Assets.xcassets */,
				C1764783254B630700FCF2A2 /* LaunchScreen.storyboard */,
				C1764786254B630700FCF2A2 /* Info.plist */,
			);
			path = "C2 HomeWork 14";
			sourceTree = "<group>";
		};
		C176478E254B630700FCF2A2 /* C2 HomeWork 14Tests */ = {
			isa = PBXGroup;
			children = (
				C176478F254B630700FCF2A2 /* C2_HomeWork_14Tests.swift */,
				C1764791254B630700FCF2A2 /* Info.plist */,
			);
			path = "C2 HomeWork 14Tests";
			sourceTree = "<group>";
		};
		C1764799254B630700FCF2A2 /* C2 HomeWork 14UITests */ = {
			isa = PBXGroup;
			children = (
				C176479A254B630700FCF2A2 /* C2_HomeWork_14UITests.swift */,
				C176479C254B630700FCF2A2 /* Info.plist */,
			);
			path = "C2 HomeWork 14UITests";
			sourceTree = "<group>";
		};
/* End PBXGroup section */

/* Begin PBXNativeTarget section */
		C1764774254B630600FCF2A2 /* C2 HomeWork 14 */ = {
			isa = PBXNativeTarget;
			buildConfigurationList = C176479F254B630700FCF2A2 /* Build configuration list for PBXNativeTarget "C2 HomeWork 14" */;
			buildPhases = (
				C1764771254B630600FCF2A2 /* Sources */,
				C1764772254B630600FCF2A2 /* Frameworks */,
				C1764773254B630600FCF2A2 /* Resources */,
			);
			buildRules = (
			);
			dependencies = (
			);
			name = "C2 HomeWork 14";
			productName = "C2 HomeWork 14";
			productReference = C1764775254B630600FCF2A2 /* C2 HomeWork 14.app */;
			productType = "com.apple.product-type.application";
		};
		C176478A254B630700FCF2A2 /* C2 HomeWork 14Tests */ = {
			isa = PBXNativeTarget;
			buildConfigurationList = C17647A2254B630700FCF2A2 /* Build configuration list for PBXNativeTarget "C2 HomeWork 14Tests" */;
			buildPhases = (
				C1764787254B630700FCF2A2 /* Sources */,
				C1764788254B630700FCF2A2 /* Frameworks */,
				C1764789254B630700FCF2A2 /* Resources */,
			);
			buildRules = (
			);
			dependencies = (
				C176478D254B630700FCF2A2 /* PBXTargetDependency */,
			);
			name = "C2 HomeWork 14Tests";
			productName = "C2 HomeWork 14Tests";
			productReference = C176478B254B630700FCF2A2 /* C2 HomeWork 14Tests.xctest */;
			productType = "com.apple.product-type.bundle.unit-test";
		};
		C1764795254B630700FCF2A2 /* C2 HomeWork 14UITests */ = {
			isa = PBXNativeTarget;
			buildConfigurationList = C17647A5254B630700FCF2A2 /* Build configuration list for PBXNativeTarget "C2 HomeWork 14UITests" */;
			buildPhases = (
				C1764792254B630700FCF2A2 /* Sources */,
				C1764793254B630700FCF2A2 /* Frameworks */,
				C1764794254B630700FCF2A2 /* Resources */,
			);
			buildRules = (
			);
			dependencies = (
				C1764798254B630700FCF2A2 /* PBXTargetDependency */,
			);
			name = "C2 HomeWork 14UITests";
			productName = "C2 HomeWork 14UITests";
			productReference = C1764796254B630700FCF2A2 /* C2 HomeWork 14UITests.xctest */;
			productType = "com.apple.product-type.bundle.ui-testing";
		};
/* End PBXNativeTarget section */

/* Begin PBXProject section */
		C176476D254B630600FCF2A2 /* Project object */ = {
			isa = PBXProject;
			attributes = {
				LastSwiftUpdateCheck = 1210;
				LastUpgradeCheck = 1210;
				TargetAttributes = {
					C1764774254B630600FCF2A2 = {
						CreatedOnToolsVersion = 12.1;
					};
					C176478A254B630700FCF2A2 = {
						CreatedOnToolsVersion = 12.1;
						TestTargetID = C1764774254B630600FCF2A2;
					};
					C1764795254B630700FCF2A2 = {
						CreatedOnToolsVersion = 12.1;
						TestTargetID = C1764774254B630600FCF2A2;
					};
				};
			};
			buildConfigurationList = C1764770254B630600FCF2A2 /* Build configuration list for PBXProject "C2 HomeWork 14" */;
			compatibilityVersion = "Xcode 9.3";
			developmentRegion = en;
			hasScannedForEncodings = 0;
			knownRegions = (
				en,
				Base,
			);
			mainGroup = C176476C254B630600FCF2A2;
			productRefGroup = C1764776254B630600FCF2A2 /* Products */;
			projectDirPath = "";
			projectRoot = "";
			targets = (
				C1764774254B630600FCF2A2 /* C2 HomeWork 14 */,
				C176478A254B630700FCF2A2 /* C2 HomeWork 14Tests */,
				C1764795254B630700FCF2A2 /* C2 HomeWork 14UITests */,
			);
		};
/* End PBXProject section */

/* Begin PBXResourcesBuildPhase section */
		C1764773254B630600FCF2A2 /* Resources */ = {
			isa = PBXResourcesBuildPhase;
			buildActionMask = 2147483647;
			files = (
				C1764785254B630700FCF2A2 /* LaunchScreen.storyboard in Resources */,
				C1764782254B630700FCF2A2 /* Assets.xcassets in Resources */,
				C1764780254B630600FCF2A2 /* Main.storyboard in Resources */,
			);
			runOnlyForDeploymentPostprocessing = 0;
		};
		C1764789254B630700FCF2A2 /* Resources */ = {
			isa = PBXResourcesBuildPhase;
			buildActionMask = 2147483647;
			files = (
			);
			runOnlyForDeploymentPostprocessing = 0;
		};
		C1764794254B630700FCF2A2 /* Resources */ = {
			isa = PBXResourcesBuildPhase;
			buildActionMask = 2147483647;
			files = (
			);
			runOnlyForDeploymentPostprocessing = 0;
		};
/* End PBXResourcesBuildPhase section */

/* Begin PBXSourcesBuildPhase section */
		C1764771254B630600FCF2A2 /* Sources */ = {
			isa = PBXSourcesBuildPhase;
			buildActionMask = 2147483647;
			files = (
				C176477D254B630600FCF2A2 /* ViewController.swift in Sources */,
				C1764779254B630600FCF2A2 /* AppDelegate.swift in Sources */,
				C176477B254B630600FCF2A2 /* SceneDelegate.swift in Sources */,
			);
			runOnlyForDeploymentPostprocessing = 0;
		};
		C1764787254B630700FCF2A2 /* Sources */ = {
			isa = PBXSourcesBuildPhase;
			buildActionMask = 2147483647;
			files = (
				C1764790254B630700FCF2A2 /* C2_HomeWork_14Tests.swift in Sources */,
			);
			runOnlyForDeploymentPostprocessing = 0;
		};
		C1764792254B630700FCF2A2 /* Sources */ = {
			isa = PBXSourcesBuildPhase;
			buildActionMask = 2147483647;
			files = (
				C176479B254B630700FCF2A2 /* C2_HomeWork_14UITests.swift in Sources */,
			);
			runOnlyForDeploymentPostprocessing = 0;
		};
/* End PBXSourcesBuildPhase section */

/* Begin PBXTargetDependency section */
		C176478D254B630700FCF2A2 /* PBXTargetDependency */ = {
			isa = PBXTargetDependency;
			target = C1764774254B630600FCF2A2 /* C2 HomeWork 14 */;
			targetProxy = C176478C254B630700FCF2A2 /* PBXContainerItemProxy */;
		};
		C1764798254B630700FCF2A2 /* PBXTargetDependency */ = {
			isa = PBXTargetDependency;
			target = C1764774254B630600FCF2A2 /* C2 HomeWork 14 */;
			targetProxy = C1764797254B630700FCF2A2 /* PBXContainerItemProxy */;
		};
/* End PBXTargetDependency section */

/* Begin PBXVariantGroup section */
		C176477E254B630600FCF2A2 /* Main.storyboard */ = {
			isa = PBXVariantGroup;
			children = (
				C176477F254B630600FCF2A2 /* Base */,
			);
			name = Main.storyboard;
			sourceTree = "<group>";
		};
		C1764783254B630700FCF2A2 /* LaunchScreen.storyboard */ = {
			isa = PBXVariantGroup;
			children = (
				C1764784254B630700FCF2A2 /* Base */,
			);
			name = LaunchScreen.storyboard;
			sourceTree = "<group>";
		};
/* End PBXVariantGroup section */

/* Begin XCBuildConfiguration section */
		C176479D254B630700FCF2A2 /* Debug */ = {
			isa = XCBuildConfiguration;
			buildSettings = {
				ALWAYS_SEARCH_USER_PATHS = NO;
				CLANG_ANALYZER_NONNULL = YES;
				CLANG_ANALYZER_NUMBER_OBJECT_CONVERSION = YES_AGGRESSIVE;
				CLANG_CXX_LANGUAGE_STANDARD = "gnu++14";
				CLANG_CXX_LIBRARY = "libc++";
				CLANG_ENABLE_MODULES = YES;
				CLANG_ENABLE_OBJC_ARC = YES;
				CLANG_ENABLE_OBJC_WEAK = YES;
				CLANG_WARN_BLOCK_CAPTURE_AUTORELEASING = YES;
				CLANG_WARN_BOOL_CONVERSION = YES;
				CLANG_WARN_COMMA = YES;
				CLANG_WARN_CONSTANT_CONVERSION = YES;
				CLANG_WARN_DEPRECATED_OBJC_IMPLEMENTATIONS = YES;
				CLANG_WARN_DIRECT_OBJC_ISA_USAGE = YES_ERROR;
				CLANG_WARN_DOCUMENTATION_COMMENTS = YES;
				CLANG_WARN_EMPTY_BODY = YES;
				CLANG_WARN_ENUM_CONVERSION = YES;
				CLANG_WARN_INFINITE_RECURSION = YES;
				CLANG_WARN_INT_CONVERSION = YES;
				CLANG_WARN_NON_LITERAL_NULL_CONVERSION = YES;
				CLANG_WARN_OBJC_IMPLICIT_RETAIN_SELF = YES;
				CLANG_WARN_OBJC_LITERAL_CONVERSION = YES;
				CLANG_WARN_OBJC_ROOT_CLASS = YES_ERROR;
				CLANG_WARN_QUOTED_INCLUDE_IN_FRAMEWORK_HEADER = YES;
				CLANG_WARN_RANGE_LOOP_ANALYSIS = YES;
				CLANG_WARN_STRICT_PROTOTYPES = YES;
				CLANG_WARN_SUSPICIOUS_MOVE = YES;
				CLANG_WARN_UNGUARDED_AVAILABILITY = YES_AGGRESSIVE;
				CLANG_WARN_UNREACHABLE_CODE = YES;
				CLANG_WARN__DUPLICATE_METHOD_MATCH = YES;
				COPY_PHASE_STRIP = NO;
				DEBUG_INFORMATION_FORMAT = dwarf;
				ENABLE_STRICT_OBJC_MSGSEND = YES;
				ENABLE_TESTABILITY = YES;
				GCC_C_LANGUAGE_STANDARD = gnu11;
				GCC_DYNAMIC_NO_PIC = NO;
				GCC_NO_COMMON_BLOCKS = YES;
				GCC_OPTIMIZATION_LEVEL = 0;
				GCC_PREPROCESSOR_DEFINITIONS = (
					"DEBUG=1",
					"$(inherited)",
				);
				GCC_WARN_64_TO_32_BIT_CONVERSION = YES;
				GCC_WARN_ABOUT_RETURN_TYPE = YES_ERROR;
				GCC_WARN_UNDECLARED_SELECTOR = YES;
				GCC_WARN_UNINITIALIZED_AUTOS = YES_AGGRESSIVE;
				GCC_WARN_UNUSED_FUNCTION = YES;
				GCC_WARN_UNUSED_VARIABLE = YES;
				IPHONEOS_DEPLOYMENT_TARGET = 14.1;
				MTL_ENABLE_DEBUG_INFO = INCLUDE_SOURCE;
				MTL_FAST_MATH = YES;
				ONLY_ACTIVE_ARCH = YES;
				SDKROOT = iphoneos;
				SWIFT_ACTIVE_COMPILATION_CONDITIONS = DEBUG;
				SWIFT_OPTIMIZATION_LEVEL = "-Onone";
			};
			name = Debug;
		};
		C176479E254B630700FCF2A2 /* Release */ = {
			isa = XCBuildConfiguration;
			buildSettings = {
				ALWAYS_SEARCH_USER_PATHS = NO;
				CLANG_ANALYZER_NONNULL = YES;
				CLANG_ANALYZER_NUMBER_OBJECT_CONVERSION = YES_AGGRESSIVE;
				CLANG_CXX_LANGUAGE_STANDARD = "gnu++14";
				CLANG_CXX_LIBRARY = "libc++";
				CLANG_ENABLE_MODULES = YES;
				CLANG_ENABLE_OBJC_ARC = YES;
				CLANG_ENABLE_OBJC_WEAK = YES;
				CLANG_WARN_BLOCK_CAPTURE_AUTORELEASING = YES;
				CLANG_WARN_BOOL_CONVERSION = YES;
				CLANG_WARN_COMMA = YES;
				CLANG_WARN_CONSTANT_CONVERSION = YES;
				CLANG_WARN_DEPRECATED_OBJC_IMPLEMENTATIONS = YES;
				CLANG_WARN_DIRECT_OBJC_ISA_USAGE = YES_ERROR;
				CLANG_WARN_DOCUMENTATION_COMMENTS = YES;
				CLANG_WARN_EMPTY_BODY = YES;
				CLANG_WARN_ENUM_CONVERSION = YES;
				CLANG_WARN_INFINITE_RECURSION = YES;
				CLANG_WARN_INT_CONVERSION = YES;
				CLANG_WARN_NON_LITERAL_NULL_CONVERSION = YES;
				CLANG_WARN_OBJC_IMPLICIT_RETAIN_SELF = YES;
				CLANG_WARN_OBJC_LITERAL_CONVERSION = YES;
				CLANG_WARN_OBJC_ROOT_CLASS = YES_ERROR;
				CLANG_WARN_QUOTED_INCLUDE_IN_FRAMEWORK_HEADER = YES;
				CLANG_WARN_RANGE_LOOP_ANALYSIS = YES;
				CLANG_WARN_STRICT_PROTOTYPES = YES;
				CLANG_WARN_SUSPICIOUS_MOVE = YES;
				CLANG_WARN_UNGUARDED_AVAILABILITY = YES_AGGRESSIVE;
				CLANG_WARN_UNREACHABLE_CODE = YES;
				CLANG_WARN__DUPLICATE_METHOD_MATCH = YES;
				COPY_PHASE_STRIP = NO;
				DEBUG_INFORMATION_FORMAT = "dwarf-with-dsym";
				ENABLE_NS_ASSERTIONS = NO;
				ENABLE_STRICT_OBJC_MSGSEND = YES;
				GCC_C_LANGUAGE_STANDARD = gnu11;
				GCC_NO_COMMON_BLOCKS = YES;
				GCC_WARN_64_TO_32_BIT_CONVERSION = YES;
				GCC_WARN_ABOUT_RETURN_TYPE = YES_ERROR;
				GCC_WARN_UNDECLARED_SELECTOR = YES;
				GCC_WARN_UNINITIALIZED_AUTOS = YES_AGGRESSIVE;
				GCC_WARN_UNUSED_FUNCTION = YES;
				GCC_WARN_UNUSED_VARIABLE = YES;
				IPHONEOS_DEPLOYMENT_TARGET = 14.1;
				MTL_ENABLE_DEBUG_INFO = NO;
				MTL_FAST_MATH = YES;
				SDKROOT = iphoneos;
				SWIFT_COMPILATION_MODE = wholemodule;
				SWIFT_OPTIMIZATION_LEVEL = "-O";
				VALIDATE_PRODUCT = YES;
			};
			name = Release;
		};
		C17647A0254B630700FCF2A2 /* Debug */ = {
			isa = XCBuildConfiguration;
			buildSettings = {
				ASSETCATALOG_COMPILER_APPICON_NAME = AppIcon;
				ASSETCATALOG_COMPILER_GLOBAL_ACCENT_COLOR_NAME = AccentColor;
				CODE_SIGN_STYLE = Automatic;
				DEVELOPMENT_TEAM = 8AY3LQ3Z88;
				INFOPLIST_FILE = "C2 HomeWork 14/Info.plist";
				LD_RUNPATH_SEARCH_PATHS = (
					"$(inherited)",
					"@executable_path/Frameworks",
				);
				PRODUCT_BUNDLE_IDENTIFIER = "ID.C2-HomeWork-14";
				PRODUCT_NAME = "$(TARGET_NAME)";
				SWIFT_VERSION = 5.0;
				TARGETED_DEVICE_FAMILY = "1,2";
			};
			name = Debug;
		};
		C17647A1254B630700FCF2A2 /* Release */ = {
			isa = XCBuildConfiguration;
			buildSettings = {
				ASSETCATALOG_COMPILER_APPICON_NAME = AppIcon;
				ASSETCATALOG_COMPILER_GLOBAL_ACCENT_COLOR_NAME = AccentColor;
				CODE_SIGN_STYLE = Automatic;
				DEVELOPMENT_TEAM = 8AY3LQ3Z88;
				INFOPLIST_FILE = "C2 HomeWork 14/Info.plist";
				LD_RUNPATH_SEARCH_PATHS = (
					"$(inherited)",
					"@executable_path/Frameworks",
				);
				PRODUCT_BUNDLE_IDENTIFIER = "ID.C2-HomeWork-14";
				PRODUCT_NAME = "$(TARGET_NAME)";
				SWIFT_VERSION = 5.0;
				TARGETED_DEVICE_FAMILY = "1,2";
			};
			name = Release;
		};
		C17647A3254B630700FCF2A2 /* Debug */ = {
			isa = XCBuildConfiguration;
			buildSettings = {
				ALWAYS_EMBED_SWIFT_STANDARD_LIBRARIES = YES;
				BUNDLE_LOADER = "$(TEST_HOST)";
				CODE_SIGN_STYLE = Automatic;
				DEVELOPMENT_TEAM = 8AY3LQ3Z88;
				INFOPLIST_FILE = "C2 HomeWork 14Tests/Info.plist";
				IPHONEOS_DEPLOYMENT_TARGET = 14.1;
				LD_RUNPATH_SEARCH_PATHS = (
					"$(inherited)",
					"@executable_path/Frameworks",
					"@loader_path/Frameworks",
				);
				PRODUCT_BUNDLE_IDENTIFIER = "ID.C2-HomeWork-14Tests";
				PRODUCT_NAME = "$(TARGET_NAME)";
				SWIFT_VERSION = 5.0;
				TARGETED_DEVICE_FAMILY = "1,2";
				TEST_HOST = "$(BUILT_PRODUCTS_DIR)/C2 HomeWork 14.app/C2 HomeWork 14";
			};
			name = Debug;
		};
		C17647A4254B630700FCF2A2 /* Release */ = {
			isa = XCBuildConfiguration;
			buildSettings = {
				ALWAYS_EMBED_SWIFT_STANDARD_LIBRARIES = YES;
				BUNDLE_LOADER = "$(TEST_HOST)";
				CODE_SIGN_STYLE = Automatic;
				DEVELOPMENT_TEAM = 8AY3LQ3Z88;
				INFOPLIST_FILE = "C2 HomeWork 14Tests/Info.plist";
				IPHONEOS_DEPLOYMENT_TARGET = 14.1;
				LD_RUNPATH_SEARCH_PATHS = (
					"$(inherited)",
					"@executable_path/Frameworks",
					"@loader_path/Frameworks",
				);
				PRODUCT_BUNDLE_IDENTIFIER = "ID.C2-HomeWork-14Tests";
				PRODUCT_NAME = "$(TARGET_NAME)";
				SWIFT_VERSION = 5.0;
				TARGETED_DEVICE_FAMILY = "1,2";
				TEST_HOST = "$(BUILT_PRODUCTS_DIR)/C2 HomeWork 14.app/C2 HomeWork 14";
			};
			name = Release;
		};
		C17647A6254B630700FCF2A2 /* Debug */ = {
			isa = XCBuildConfiguration;
			buildSettings = {
				ALWAYS_EMBED_SWIFT_STANDARD_LIBRARIES = YES;
				CODE_SIGN_STYLE = Automatic;
				DEVELOPMENT_TEAM = 8AY3LQ3Z88;
				INFOPLIST_FILE = "C2 HomeWork 14UITests/Info.plist";
				LD_RUNPATH_SEARCH_PATHS = (
					"$(inherited)",
					"@executable_path/Frameworks",
					"@loader_path/Frameworks",
				);
				PRODUCT_BUNDLE_IDENTIFIER = "ID.C2-HomeWork-14UITests";
				PRODUCT_NAME = "$(TARGET_NAME)";
				SWIFT_VERSION = 5.0;
				TARGETED_DEVICE_FAMILY = "1,2";
				TEST_TARGET_NAME = "C2 HomeWork 14";
			};
			name = Debug;
		};
		C17647A7254B630700FCF2A2 /* Release */ = {
			isa = XCBuildConfiguration;
			buildSettings = {
				ALWAYS_EMBED_SWIFT_STANDARD_LIBRARIES = YES;
				CODE_SIGN_STYLE = Automatic;
				DEVELOPMENT_TEAM = 8AY3LQ3Z88;
				INFOPLIST_FILE = "C2 HomeWork 14UITests/Info.plist";
				LD_RUNPATH_SEARCH_PATHS = (
					"$(inherited)",
					"@executable_path/Frameworks",
					"@loader_path/Frameworks",
				);
				PRODUCT_BUNDLE_IDENTIFIER = "ID.C2-HomeWork-14UITests";
				PRODUCT_NAME = "$(TARGET_NAME)";
				SWIFT_VERSION = 5.0;
				TARGETED_DEVICE_FAMILY = "1,2";
				TEST_TARGET_NAME = "C2 HomeWork 14";
			};
			name = Release;
		};
/* End XCBuildConfiguration section */

/* Begin XCConfigurationList section */
		C1764770254B630600FCF2A2 /* Build configuration list for PBXProject "C2 HomeWork 14" */ = {
			isa = XCConfigurationList;
			buildConfigurations = (
				C176479D254B630700FCF2A2 /* Debug */,
				C176479E254B630700FCF2A2 /* Release */,
			);
			defaultConfigurationIsVisible = 0;
			defaultConfigurationName = Release;
		};
		C176479F254B630700FCF2A2 /* Build configuration list for PBXNativeTarget "C2 HomeWork 14" */ = {
			isa = XCConfigurationList;
			buildConfigurations = (
				C17647A0254B630700FCF2A2 /* Debug */,
				C17647A1254B630700FCF2A2 /* Release */,
			);
			defaultConfigurationIsVisible = 0;
			defaultConfigurationName = Release;
		};
		C17647A2254B630700FCF2A2 /* Build configuration list for PBXNativeTarget "C2 HomeWork 14Tests" */ = {
			isa = XCConfigurationList;
			buildConfigurations = (
				C17647A3254B630700FCF2A2 /* Debug */,
				C17647A4254B630700FCF2A2 /* Release */,
			);
			defaultConfigurationIsVisible = 0;
			defaultConfigurationName = Release;
		};
		C17647A5254B630700FCF2A2 /* Build configuration list for PBXNativeTarget "C2 HomeWork 14UITests" */ = {
			isa = XCConfigurationList;
			buildConfigurations = (
				C17647A6254B630700FCF2A2 /* Debug */,
				C17647A7254B630700FCF2A2 /* Release */,
			);
			defaultConfigurationIsVisible = 0;
			defaultConfigurationName = Release;
		};
/* End XCConfigurationList section */
	};
	rootObject = C176476D254B630600FCF2A2 /* Project object */;
}
