// !$*UTF8*$!
{
	archiveVersion = 1;
	classes = {
	};
	objectVersion = 51;
	objects = {

/* Begin PBXBuildFile section */
		85587CACB385F2FC8130316D /* Pods_C2_HomeWork_14.framework in Frameworks */ = {isa = PBXBuildFile; fileRef = 27FF85FA691F93BD53F9ABB0 /* Pods_C2_HomeWork_14.framework */; };
		A8BB1B77231D8508007087EB /* AppDelegate.swift in Sources */ = {isa = PBXBuildFile; fileRef = A8BB1B76231D8508007087EB /* AppDelegate.swift */; };
		A8BB1B79231D8508007087EB /* ViewController.swift in Sources */ = {isa = PBXBuildFile; fileRef = A8BB1B78231D8508007087EB /* ViewController.swift */; };
		A8BB1B81231D8509007087EB /* Assets.xcassets in Resources */ = {isa = PBXBuildFile; fileRef = A8BB1B80231D8509007087EB /* Assets.xcassets */; };
		A8BB1B84231D8509007087EB /* LaunchScreen.storyboard in Resources */ = {isa = PBXBuildFile; fileRef = A8BB1B82231D8509007087EB /* LaunchScreen.storyboard */; };
		C1764804254B85D300FCF2A2 /* Task.swift in Sources */ = {isa = PBXBuildFile; fileRef = C1764803254B85D300FCF2A2 /* Task.swift */; };
		C176480B254C4F7000FCF2A2 /* StorageManager.swift in Sources */ = {isa = PBXBuildFile; fileRef = C176480A254C4F7000FCF2A2 /* StorageManager.swift */; };
/* End PBXBuildFile section */

/* Begin PBXFileReference section */
		27FF85FA691F93BD53F9ABB0 /* Pods_C2_HomeWork_14.framework */ = {isa = PBXFileReference; explicitFileType = wrapper.framework; includeInIndex = 0; path = Pods_C2_HomeWork_14.framework; sourceTree = BUILT_PRODUCTS_DIR; };
		2D1227BF7BEEB245090BE68D /* Pods-CoreDataDemo.release.xcconfig */ = {isa = PBXFileReference; includeInIndex = 1; lastKnownFileType = text.xcconfig; name = "Pods-CoreDataDemo.release.xcconfig"; path = "Target Support Files/Pods-CoreDataDemo/Pods-CoreDataDemo.release.xcconfig"; sourceTree = "<group>"; };
		A8BB1B73231D8508007087EB /* C2 HomeWork 14.app */ = {isa = PBXFileReference; explicitFileType = wrapper.application; includeInIndex = 0; path = "C2 HomeWork 14.app"; sourceTree = BUILT_PRODUCTS_DIR; };
		A8BB1B76231D8508007087EB /* AppDelegate.swift */ = {isa = PBXFileReference; lastKnownFileType = sourcecode.swift; path = AppDelegate.swift; sourceTree = "<group>"; };
		A8BB1B78231D8508007087EB /* ViewController.swift */ = {isa = PBXFileReference; lastKnownFileType = sourcecode.swift; path = ViewController.swift; sourceTree = "<group>"; };
		A8BB1B80231D8509007087EB /* Assets.xcassets */ = {isa = PBXFileReference; lastKnownFileType = folder.assetcatalog; path = Assets.xcassets; sourceTree = "<group>"; };
		A8BB1B83231D8509007087EB /* Base */ = {isa = PBXFileReference; lastKnownFileType = file.storyboard; name = Base; path = Base.lproj/LaunchScreen.storyboard; sourceTree = "<group>"; };
		A8BB1B85231D8509007087EB /* Info.plist */ = {isa = PBXFileReference; lastKnownFileType = text.plist.xml; path = Info.plist; sourceTree = "<group>"; };
		AD2B9BA9C56284A6BF0F8837 /* Pods-CoreDataDemo.debug.xcconfig */ = {isa = PBXFileReference; includeInIndex = 1; lastKnownFileType = text.xcconfig; name = "Pods-CoreDataDemo.debug.xcconfig"; path = "Target Support Files/Pods-CoreDataDemo/Pods-CoreDataDemo.debug.xcconfig"; sourceTree = "<group>"; };
		B8B5E011B7F78B9738F80B6C /* Pods-C2 HomeWork 14.release.xcconfig */ = {isa = PBXFileReference; includeInIndex = 1; lastKnownFileType = text.xcconfig; name = "Pods-C2 HomeWork 14.release.xcconfig"; path = "Target Support Files/Pods-C2 HomeWork 14/Pods-C2 HomeWork 14.release.xcconfig"; sourceTree = "<group>"; };
		C1764803254B85D300FCF2A2 /* Task.swift */ = {isa = PBXFileReference; lastKnownFileType = sourcecode.swift; path = Task.swift; sourceTree = "<group>"; };
		C176480A254C4F7000FCF2A2 /* StorageManager.swift */ = {isa = PBXFileReference; lastKnownFileType = sourcecode.swift; path = StorageManager.swift; sourceTree = "<group>"; };
		E03CB4BAE04CC7F92C775A73 /* Pods-C2 HomeWork 14.debug.xcconfig */ = {isa = PBXFileReference; includeInIndex = 1; lastKnownFileType = text.xcconfig; name = "Pods-C2 HomeWork 14.debug.xcconfig"; path = "Target Support Files/Pods-C2 HomeWork 14/Pods-C2 HomeWork 14.debug.xcconfig"; sourceTree = "<group>"; };
/* End PBXFileReference section */

/* Begin PBXFrameworksBuildPhase section */
		A8BB1B70231D8508007087EB /* Frameworks */ = {
			isa = PBXFrameworksBuildPhase;
			buildActionMask = 2147483647;
			files = (
				85587CACB385F2FC8130316D /* Pods_C2_HomeWork_14.framework in Frameworks */,
			);
			runOnlyForDeploymentPostprocessing = 0;
		};
/* End PBXFrameworksBuildPhase section */

/* Begin PBXGroup section */
		36631D652EC3A29B907CBD71 /* Frameworks */ = {
			isa = PBXGroup;
			children = (
				27FF85FA691F93BD53F9ABB0 /* Pods_C2_HomeWork_14.framework */,
			);
			name = Frameworks;
			sourceTree = "<group>";
		};
		78EDCD02199B6D599035CEB8 /* Pods */ = {
			isa = PBXGroup;
			children = (
				AD2B9BA9C56284A6BF0F8837 /* Pods-CoreDataDemo.debug.xcconfig */,
				2D1227BF7BEEB245090BE68D /* Pods-CoreDataDemo.release.xcconfig */,
				E03CB4BAE04CC7F92C775A73 /* Pods-C2 HomeWork 14.debug.xcconfig */,
				B8B5E011B7F78B9738F80B6C /* Pods-C2 HomeWork 14.release.xcconfig */,
			);
			path = Pods;
			sourceTree = "<group>";
		};
		A8BB1B6A231D8508007087EB = {
			isa = PBXGroup;
			children = (
				A8BB1B75231D8508007087EB /* C2 HomeWork 14 */,
				A8BB1B74231D8508007087EB /* Products */,
				78EDCD02199B6D599035CEB8 /* Pods */,
				36631D652EC3A29B907CBD71 /* Frameworks */,
			);
			sourceTree = "<group>";
		};
		A8BB1B74231D8508007087EB /* Products */ = {
			isa = PBXGroup;
			children = (
				A8BB1B73231D8508007087EB /* C2 HomeWork 14.app */,
			);
			name = Products;
			sourceTree = "<group>";
		};
		A8BB1B75231D8508007087EB /* C2 HomeWork 14 */ = {
			isa = PBXGroup;
			children = (
				C1764803254B85D300FCF2A2 /* Task.swift */,
				A8BB1B78231D8508007087EB /* ViewController.swift */,
				C176480A254C4F7000FCF2A2 /* StorageManager.swift */,
				A8BB1B76231D8508007087EB /* AppDelegate.swift */,
				A8BB1B80231D8509007087EB /* Assets.xcassets */,
				A8BB1B82231D8509007087EB /* LaunchScreen.storyboard */,
				A8BB1B85231D8509007087EB /* Info.plist */,
			);
			path = "C2 HomeWork 14";
			sourceTree = "<group>";
		};
/* End PBXGroup section */

/* Begin PBXNativeTarget section */
		A8BB1B72231D8508007087EB /* C2 HomeWork 14 */ = {
			isa = PBXNativeTarget;
			buildConfigurationList = A8BB1B88231D8509007087EB /* Build configuration list for PBXNativeTarget "C2 HomeWork 14" */;
			buildPhases = (
				F4556C8BC178778D3AF26BA1 /* [CP] Check Pods Manifest.lock */,
				A8BB1B6F231D8508007087EB /* Sources */,
				A8BB1B70231D8508007087EB /* Frameworks */,
				A8BB1B71231D8508007087EB /* Resources */,
				3A097572699D283AE6F9E457 /* [CP] Embed Pods Frameworks */,
			);
			buildRules = (
			);
			dependencies = (
			);
			name = "C2 HomeWork 14";
			productName = CoreDataDemo;
			productReference = A8BB1B73231D8508007087EB /* C2 HomeWork 14.app */;
			productType = "com.apple.product-type.application";
		};
/* End PBXNativeTarget section */

/* Begin PBXProject section */
		A8BB1B6B231D8508007087EB /* Project object */ = {
			isa = PBXProject;
			attributes = {
				LastSwiftUpdateCheck = 1030;
				LastUpgradeCheck = 1210;
				ORGANIZATIONNAME = "Alexey Efimov";
				TargetAttributes = {
					A8BB1B72231D8508007087EB = {
						CreatedOnToolsVersion = 10.3;
					};
				};
			};
			buildConfigurationList = A8BB1B6E231D8508007087EB /* Build configuration list for PBXProject "C2 HomeWork 14" */;
			compatibilityVersion = "Xcode 9.3";
			developmentRegion = en;
			hasScannedForEncodings = 0;
			knownRegions = (
				en,
				Base,
			);
			mainGroup = A8BB1B6A231D8508007087EB;
			productRefGroup = A8BB1B74231D8508007087EB /* Products */;
			projectDirPath = "";
			projectRoot = "";
			targets = (
				A8BB1B72231D8508007087EB /* C2 HomeWork 14 */,
			);
		};
/* End PBXProject section */

/* Begin PBXResourcesBuildPhase section */
		A8BB1B71231D8508007087EB /* Resources */ = {
			isa = PBXResourcesBuildPhase;
			buildActionMask = 2147483647;
			files = (
				A8BB1B84231D8509007087EB /* LaunchScreen.storyboard in Resources */,
				A8BB1B81231D8509007087EB /* Assets.xcassets in Resources */,
			);
			runOnlyForDeploymentPostprocessing = 0;
		};
/* End PBXResourcesBuildPhase section */

/* Begin PBXShellScriptBuildPhase section */
		3A097572699D283AE6F9E457 /* [CP] Embed Pods Frameworks */ = {
			isa = PBXShellScriptBuildPhase;
			buildActionMask = 2147483647;
			files = (
			);
			inputFileListPaths = (
				"${PODS_ROOT}/Target Support Files/Pods-C2 HomeWork 14/Pods-C2 HomeWork 14-frameworks-${CONFIGURATION}-input-files.xcfilelist",
			);
			name = "[CP] Embed Pods Frameworks";
			outputFileListPaths = (
				"${PODS_ROOT}/Target Support Files/Pods-C2 HomeWork 14/Pods-C2 HomeWork 14-frameworks-${CONFIGURATION}-output-files.xcfilelist",
			);
			runOnlyForDeploymentPostprocessing = 0;
			shellPath = /bin/sh;
			shellScript = "\"${PODS_ROOT}/Target Support Files/Pods-C2 HomeWork 14/Pods-C2 HomeWork 14-frameworks.sh\"\n";
			showEnvVarsInLog = 0;
		};
		F4556C8BC178778D3AF26BA1 /* [CP] Check Pods Manifest.lock */ = {
			isa = PBXShellScriptBuildPhase;
			buildActionMask = 2147483647;
			files = (
			);
			inputFileListPaths = (
			);
			inputPaths = (
				"${PODS_PODFILE_DIR_PATH}/Podfile.lock",
				"${PODS_ROOT}/Manifest.lock",
			);
			name = "[CP] Check Pods Manifest.lock";
			outputFileListPaths = (
			);
			outputPaths = (
				"$(DERIVED_FILE_DIR)/Pods-C2 HomeWork 14-checkManifestLockResult.txt",
			);
			runOnlyForDeploymentPostprocessing = 0;
			shellPath = /bin/sh;
			shellScript = "diff \"${PODS_PODFILE_DIR_PATH}/Podfile.lock\" \"${PODS_ROOT}/Manifest.lock\" > /dev/null\nif [ $? != 0 ] ; then\n    # print error to STDERR\n    echo \"error: The sandbox is not in sync with the Podfile.lock. Run 'pod install' or update your CocoaPods installation.\" >&2\n    exit 1\nfi\n# This output is used by Xcode 'outputs' to avoid re-running this script phase.\necho \"SUCCESS\" > \"${SCRIPT_OUTPUT_FILE_0}\"\n";
			showEnvVarsInLog = 0;
		};
/* End PBXShellScriptBuildPhase section */

/* Begin PBXSourcesBuildPhase section */
		A8BB1B6F231D8508007087EB /* Sources */ = {
			isa = PBXSourcesBuildPhase;
			buildActionMask = 2147483647;
			files = (
				C1764804254B85D300FCF2A2 /* Task.swift in Sources */,
				A8BB1B79231D8508007087EB /* ViewController.swift in Sources */,
				A8BB1B77231D8508007087EB /* AppDelegate.swift in Sources */,
				C176480B254C4F7000FCF2A2 /* StorageManager.swift in Sources */,
			);
			runOnlyForDeploymentPostprocessing = 0;
		};
/* End PBXSourcesBuildPhase section */

/* Begin PBXVariantGroup section */
		A8BB1B82231D8509007087EB /* LaunchScreen.storyboard */ = {
			isa = PBXVariantGroup;
			children = (
				A8BB1B83231D8509007087EB /* Base */,
			);
			name = LaunchScreen.storyboard;
			sourceTree = "<group>";
		};
/* End PBXVariantGroup section */

/* Begin XCBuildConfiguration section */
		A8BB1B86231D8509007087EB /* Debug */ = {
			isa = XCBuildConfiguration;
			buildSettings = {
				ALWAYS_SEARCH_USER_PATHS = NO;
				CLANG_ANALYZER_NONNULL = YES;
				CLANG_ANALYZER_NUMBER_OBJECT_CONVERSION = YES_AGGRESSIVE;
				CLANG_CXX_LANGUAGE_STANDARD = "gnu++14";
				CLANG_CXX_LIBRARY = "libc++";
				CLANG_ENABLE_MODULES = YES;
				CLANG_ENABLE_OBJC_ARC = YES;
				CLANG_ENABLE_OBJC_WEAK = YES;
				CLANG_WARN_BLOCK_CAPTURE_AUTORELEASING = YES;
				CLANG_WARN_BOOL_CONVERSION = YES;
				CLANG_WARN_COMMA = YES;
				CLANG_WARN_CONSTANT_CONVERSION = YES;
				CLANG_WARN_DEPRECATED_OBJC_IMPLEMENTATIONS = YES;
				CLANG_WARN_DIRECT_OBJC_ISA_USAGE = YES_ERROR;
				CLANG_WARN_DOCUMENTATION_COMMENTS = YES;
				CLANG_WARN_EMPTY_BODY = YES;
				CLANG_WARN_ENUM_CONVERSION = YES;
				CLANG_WARN_INFINITE_RECURSION = YES;
				CLANG_WARN_INT_CONVERSION = YES;
				CLANG_WARN_NON_LITERAL_NULL_CONVERSION = YES;
				CLANG_WARN_OBJC_IMPLICIT_RETAIN_SELF = YES;
				CLANG_WARN_OBJC_LITERAL_CONVERSION = YES;
				CLANG_WARN_OBJC_ROOT_CLASS = YES_ERROR;
				CLANG_WARN_QUOTED_INCLUDE_IN_FRAMEWORK_HEADER = YES;
				CLANG_WARN_RANGE_LOOP_ANALYSIS = YES;
				CLANG_WARN_STRICT_PROTOTYPES = YES;
				CLANG_WARN_SUSPICIOUS_MOVE = YES;
				CLANG_WARN_UNGUARDED_AVAILABILITY = YES_AGGRESSIVE;
				CLANG_WARN_UNREACHABLE_CODE = YES;
				CLANG_WARN__DUPLICATE_METHOD_MATCH = YES;
				CODE_SIGN_IDENTITY = "iPhone Developer";
				COPY_PHASE_STRIP = NO;
				DEBUG_INFORMATION_FORMAT = dwarf;
				ENABLE_STRICT_OBJC_MSGSEND = YES;
				ENABLE_TESTABILITY = YES;
				GCC_C_LANGUAGE_STANDARD = gnu11;
				GCC_DYNAMIC_NO_PIC = NO;
				GCC_NO_COMMON_BLOCKS = YES;
				GCC_OPTIMIZATION_LEVEL = 0;
				GCC_PREPROCESSOR_DEFINITIONS = (
					"DEBUG=1",
					"$(inherited)",
				);
				GCC_WARN_64_TO_32_BIT_CONVERSION = YES;
				GCC_WARN_ABOUT_RETURN_TYPE = YES_ERROR;
				GCC_WARN_UNDECLARED_SELECTOR = YES;
				GCC_WARN_UNINITIALIZED_AUTOS = YES_AGGRESSIVE;
				GCC_WARN_UNUSED_FUNCTION = YES;
				GCC_WARN_UNUSED_VARIABLE = YES;
				IPHONEOS_DEPLOYMENT_TARGET = 12.1;
				MTL_ENABLE_DEBUG_INFO = INCLUDE_SOURCE;
				MTL_FAST_MATH = YES;
				ONLY_ACTIVE_ARCH = YES;
				SDKROOT = iphoneos;
				SWIFT_ACTIVE_COMPILATION_CONDITIONS = DEBUG;
				SWIFT_OPTIMIZATION_LEVEL = "-Onone";
			};
			name = Debug;
		};
		A8BB1B87231D8509007087EB /* Release */ = {
			isa = XCBuildConfiguration;
			buildSettings = {
				ALWAYS_SEARCH_USER_PATHS = NO;
				CLANG_ANALYZER_NONNULL = YES;
				CLANG_ANALYZER_NUMBER_OBJECT_CONVERSION = YES_AGGRESSIVE;
				CLANG_CXX_LANGUAGE_STANDARD = "gnu++14";
				CLANG_CXX_LIBRARY = "libc++";
				CLANG_ENABLE_MODULES = YES;
				CLANG_ENABLE_OBJC_ARC = YES;
				CLANG_ENABLE_OBJC_WEAK = YES;
				CLANG_WARN_BLOCK_CAPTURE_AUTORELEASING = YES;
				CLANG_WARN_BOOL_CONVERSION = YES;
				CLANG_WARN_COMMA = YES;
				CLANG_WARN_CONSTANT_CONVERSION = YES;
				CLANG_WARN_DEPRECATED_OBJC_IMPLEMENTATIONS = YES;
				CLANG_WARN_DIRECT_OBJC_ISA_USAGE = YES_ERROR;
				CLANG_WARN_DOCUMENTATION_COMMENTS = YES;
				CLANG_WARN_EMPTY_BODY = YES;
				CLANG_WARN_ENUM_CONVERSION = YES;
				CLANG_WARN_INFINITE_RECURSION = YES;
				CLANG_WARN_INT_CONVERSION = YES;
				CLANG_WARN_NON_LITERAL_NULL_CONVERSION = YES;
				CLANG_WARN_OBJC_IMPLICIT_RETAIN_SELF = YES;
				CLANG_WARN_OBJC_LITERAL_CONVERSION = YES;
				CLANG_WARN_OBJC_ROOT_CLASS = YES_ERROR;
				CLANG_WARN_QUOTED_INCLUDE_IN_FRAMEWORK_HEADER = YES;
				CLANG_WARN_RANGE_LOOP_ANALYSIS = YES;
				CLANG_WARN_STRICT_PROTOTYPES = YES;
				CLANG_WARN_SUSPICIOUS_MOVE = YES;
				CLANG_WARN_UNGUARDED_AVAILABILITY = YES_AGGRESSIVE;
				CLANG_WARN_UNREACHABLE_CODE = YES;
				CLANG_WARN__DUPLICATE_METHOD_MATCH = YES;
				CODE_SIGN_IDENTITY = "iPhone Developer";
				COPY_PHASE_STRIP = NO;
				DEBUG_INFORMATION_FORMAT = "dwarf-with-dsym";
				ENABLE_NS_ASSERTIONS = NO;
				ENABLE_STRICT_OBJC_MSGSEND = YES;
				GCC_C_LANGUAGE_STANDARD = gnu11;
				GCC_NO_COMMON_BLOCKS = YES;
				GCC_WARN_64_TO_32_BIT_CONVERSION = YES;
				GCC_WARN_ABOUT_RETURN_TYPE = YES_ERROR;
				GCC_WARN_UNDECLARED_SELECTOR = YES;
				GCC_WARN_UNINITIALIZED_AUTOS = YES_AGGRESSIVE;
				GCC_WARN_UNUSED_FUNCTION = YES;
				GCC_WARN_UNUSED_VARIABLE = YES;
				IPHONEOS_DEPLOYMENT_TARGET = 12.1;
				MTL_ENABLE_DEBUG_INFO = NO;
				MTL_FAST_MATH = YES;
				SDKROOT = iphoneos;
				SWIFT_COMPILATION_MODE = wholemodule;
				SWIFT_OPTIMIZATION_LEVEL = "-O";
				VALIDATE_PRODUCT = YES;
			};
			name = Release;
		};
		A8BB1B89231D8509007087EB /* Debug */ = {
			isa = XCBuildConfiguration;
			baseConfigurationReference = E03CB4BAE04CC7F92C775A73 /* Pods-C2 HomeWork 14.debug.xcconfig */;
			buildSettings = {
				ASSETCATALOG_COMPILER_APPICON_NAME = AppIcon;
				CODE_SIGN_STYLE = Automatic;
				CURRENT_PROJECT_VERSION = 1;
				DEVELOPMENT_TEAM = V3933YHTS3;
				INFOPLIST_FILE = "C2 HomeWork 14/Info.plist";
				LD_RUNPATH_SEARCH_PATHS = (
					"$(inherited)",
					"@executable_path/Frameworks",
				);
				MARKETING_VERSION = 1;
				PRODUCT_BUNDLE_IDENTIFIER = "ru.swiftbook.C2-HomeWork-14";
				PRODUCT_NAME = "$(TARGET_NAME)";
				SWIFT_VERSION = 5.0;
				TARGETED_DEVICE_FAMILY = "1,2";
			};
			name = Debug;
		};
		A8BB1B8A231D8509007087EB /* Release */ = {
			isa = XCBuildConfiguration;
			baseConfigurationReference = B8B5E011B7F78B9738F80B6C /* Pods-C2 HomeWork 14.release.xcconfig */;
			buildSettings = {
				ASSETCATALOG_COMPILER_APPICON_NAME = AppIcon;
				CODE_SIGN_STYLE = Automatic;
				CURRENT_PROJECT_VERSION = 1;
				DEVELOPMENT_TEAM = V3933YHTS3;
				INFOPLIST_FILE = "C2 HomeWork 14/Info.plist";
				LD_RUNPATH_SEARCH_PATHS = (
					"$(inherited)",
					"@executable_path/Frameworks",
				);
				MARKETING_VERSION = 1;
				PRODUCT_BUNDLE_IDENTIFIER = "ru.swiftbook.C2-HomeWork-14";
				PRODUCT_NAME = "$(TARGET_NAME)";
				SWIFT_VERSION = 5.0;
				TARGETED_DEVICE_FAMILY = "1,2";
			};
			name = Release;
		};
/* End XCBuildConfiguration section */

/* Begin XCConfigurationList section */
		A8BB1B6E231D8508007087EB /* Build configuration list for PBXProject "C2 HomeWork 14" */ = {
			isa = XCConfigurationList;
			buildConfigurations = (
				A8BB1B86231D8509007087EB /* Debug */,
				A8BB1B87231D8509007087EB /* Release */,
			);
			defaultConfigurationIsVisible = 0;
			defaultConfigurationName = Release;
		};
		A8BB1B88231D8509007087EB /* Build configuration list for PBXNativeTarget "C2 HomeWork 14" */ = {
			isa = XCConfigurationList;
			buildConfigurations = (
				A8BB1B89231D8509007087EB /* Debug */,
				A8BB1B8A231D8509007087EB /* Release */,
			);
			defaultConfigurationIsVisible = 0;
			defaultConfigurationName = Release;
		};
/* End XCConfigurationList section */
	};
	rootObject = A8BB1B6B231D8508007087EB /* Project object */;
}
